// !$*UTF8*$!
{
	archiveVersion = 1;
	classes = {
	};
	objectVersion = 48;
	objects = {

/* Begin PBXBuildFile section */
		248865FA2052555100ABD77E /* AppDelegate.m in Sources */ = {isa = PBXBuildFile; fileRef = 248865F92052555100ABD77E /* AppDelegate.m */; };
		248865FD2052555100ABD77E /* ViewController.m in Sources */ = {isa = PBXBuildFile; fileRef = 248865FC2052555100ABD77E /* ViewController.m */; };
		248866002052555100ABD77E /* Main.storyboard in Resources */ = {isa = PBXBuildFile; fileRef = 248865FE2052555100ABD77E /* Main.storyboard */; };
		248866022052555100ABD77E /* Assets.xcassets in Resources */ = {isa = PBXBuildFile; fileRef = 248866012052555100ABD77E /* Assets.xcassets */; };
		248866052052555100ABD77E /* LaunchScreen.storyboard in Resources */ = {isa = PBXBuildFile; fileRef = 248866032052555100ABD77E /* LaunchScreen.storyboard */; };
		248866082052555100ABD77E /* main.m in Sources */ = {isa = PBXBuildFile; fileRef = 248866072052555100ABD77E /* main.m */; };
		248866122052555100ABD77E /* QuizTests.m in Sources */ = {isa = PBXBuildFile; fileRef = 248866112052555100ABD77E /* QuizTests.m */; };
		2488661D2052555100ABD77E /* QuizUITests.m in Sources */ = {isa = PBXBuildFile; fileRef = 2488661C2052555100ABD77E /* QuizUITests.m */; };
		2488662D2052B6E000ABD77E /* BNRQuizViewController.m in Sources */ = {isa = PBXBuildFile; fileRef = 2488662B2052B6E000ABD77E /* BNRQuizViewController.m */; };
		2488662E2052B6E000ABD77E /* BNRQuizViewController.xib in Resources */ = {isa = PBXBuildFile; fileRef = 2488662C2052B6E000ABD77E /* BNRQuizViewController.xib */; };
/* End PBXBuildFile section */

/* Begin PBXContainerItemProxy section */
		2488660E2052555100ABD77E /* PBXContainerItemProxy */ = {
			isa = PBXContainerItemProxy;
			containerPortal = 248865ED2052555100ABD77E /* Project object */;
			proxyType = 1;
			remoteGlobalIDString = 248865F42052555100ABD77E;
			remoteInfo = Quiz;
		};
		248866192052555100ABD77E /* PBXContainerItemProxy */ = {
			isa = PBXContainerItemProxy;
			containerPortal = 248865ED2052555100ABD77E /* Project object */;
			proxyType = 1;
			remoteGlobalIDString = 248865F42052555100ABD77E;
			remoteInfo = Quiz;
		};
/* End PBXContainerItemProxy section */

/* Begin PBXFileReference section */
		248865F52052555100ABD77E /* Quiz.app */ = {isa = PBXFileReference; explicitFileType = wrapper.application; includeInIndex = 0; path = Quiz.app; sourceTree = BUILT_PRODUCTS_DIR; };
		248865F82052555100ABD77E /* AppDelegate.h */ = {isa = PBXFileReference; lastKnownFileType = sourcecode.c.h; path = AppDelegate.h; sourceTree = "<group>"; };
		248865F92052555100ABD77E /* AppDelegate.m */ = {isa = PBXFileReference; lastKnownFileType = sourcecode.c.objc; path = AppDelegate.m; sourceTree = "<group>"; };
		248865FB2052555100ABD77E /* ViewController.h */ = {isa = PBXFileReference; lastKnownFileType = sourcecode.c.h; path = ViewController.h; sourceTree = "<group>"; };
		248865FC2052555100ABD77E /* ViewController.m */ = {isa = PBXFileReference; lastKnownFileType = sourcecode.c.objc; path = ViewController.m; sourceTree = "<group>"; };
		248865FF2052555100ABD77E /* Base */ = {isa = PBXFileReference; lastKnownFileType = file.storyboard; name = Base; path = Base.lproj/Main.storyboard; sourceTree = "<group>"; };
		248866012052555100ABD77E /* Assets.xcassets */ = {isa = PBXFileReference; lastKnownFileType = folder.assetcatalog; path = Assets.xcassets; sourceTree = "<group>"; };
		248866042052555100ABD77E /* Base */ = {isa = PBXFileReference; lastKnownFileType = file.storyboard; name = Base; path = Base.lproj/LaunchScreen.storyboard; sourceTree = "<group>"; };
		248866062052555100ABD77E /* Info.plist */ = {isa = PBXFileReference; lastKnownFileType = text.plist.xml; path = Info.plist; sourceTree = "<group>"; };
		248866072052555100ABD77E /* main.m */ = {isa = PBXFileReference; lastKnownFileType = sourcecode.c.objc; path = main.m; sourceTree = "<group>"; };
		2488660D2052555100ABD77E /* QuizTests.xctest */ = {isa = PBXFileReference; explicitFileType = wrapper.cfbundle; includeInIndex = 0; path = QuizTests.xctest; sourceTree = BUILT_PRODUCTS_DIR; };
		248866112052555100ABD77E /* QuizTests.m */ = {isa = PBXFileReference; lastKnownFileType = sourcecode.c.objc; path = QuizTests.m; sourceTree = "<group>"; };
		248866132052555100ABD77E /* Info.plist */ = {isa = PBXFileReference; lastKnownFileType = text.plist.xml; path = Info.plist; sourceTree = "<group>"; };
		248866182052555100ABD77E /* QuizUITests.xctest */ = {isa = PBXFileReference; explicitFileType = wrapper.cfbundle; includeInIndex = 0; path = QuizUITests.xctest; sourceTree = BUILT_PRODUCTS_DIR; };
		2488661C2052555100ABD77E /* QuizUITests.m */ = {isa = PBXFileReference; lastKnownFileType = sourcecode.c.objc; path = QuizUITests.m; sourceTree = "<group>"; };
		2488661E2052555100ABD77E /* Info.plist */ = {isa = PBXFileReference; lastKnownFileType = text.plist.xml; path = Info.plist; sourceTree = "<group>"; };
		2488662A2052B6E000ABD77E /* BNRQuizViewController.h */ = {isa = PBXFileReference; lastKnownFileType = sourcecode.c.h; path = BNRQuizViewController.h; sourceTree = "<group>"; };
		2488662B2052B6E000ABD77E /* BNRQuizViewController.m */ = {isa = PBXFileReference; lastKnownFileType = sourcecode.c.objc; path = BNRQuizViewController.m; sourceTree = "<group>"; };
		2488662C2052B6E000ABD77E /* BNRQuizViewController.xib */ = {isa = PBXFileReference; lastKnownFileType = file.xib; path = BNRQuizViewController.xib; sourceTree = "<group>"; };
/* End PBXFileReference section */

/* Begin PBXFrameworksBuildPhase section */
		248865F22052555100ABD77E /* Frameworks */ = {
			isa = PBXFrameworksBuildPhase;
			buildActionMask = 2147483647;
			files = (
			);
			runOnlyForDeploymentPostprocessing = 0;
		};
		2488660A2052555100ABD77E /* Frameworks */ = {
			isa = PBXFrameworksBuildPhase;
			buildActionMask = 2147483647;
			files = (
			);
			runOnlyForDeploymentPostprocessing = 0;
		};
		248866152052555100ABD77E /* Frameworks */ = {
			isa = PBXFrameworksBuildPhase;
			buildActionMask = 2147483647;
			files = (
			);
			runOnlyForDeploymentPostprocessing = 0;
		};
/* End PBXFrameworksBuildPhase section */

/* Begin PBXGroup section */
		248865EC2052555100ABD77E = {
			isa = PBXGroup;
			children = (
				248865F72052555100ABD77E /* Quiz */,
				248866102052555100ABD77E /* QuizTests */,
				2488661B2052555100ABD77E /* QuizUITests */,
				248865F62052555100ABD77E /* Products */,
			);
			sourceTree = "<group>";
		};
		248865F62052555100ABD77E /* Products */ = {
			isa = PBXGroup;
			children = (
				248865F52052555100ABD77E /* Quiz.app */,
				2488660D2052555100ABD77E /* QuizTests.xctest */,
				248866182052555100ABD77E /* QuizUITests.xctest */,
			);
			name = Products;
			sourceTree = "<group>";
		};
		248865F72052555100ABD77E /* Quiz */ = {
			isa = PBXGroup;
			children = (
				248865F82052555100ABD77E /* AppDelegate.h */,
				248865F92052555100ABD77E /* AppDelegate.m */,
				248865FB2052555100ABD77E /* ViewController.h */,
				248865FC2052555100ABD77E /* ViewController.m */,
				248865FE2052555100ABD77E /* Main.storyboard */,
				248866012052555100ABD77E /* Assets.xcassets */,
				248866032052555100ABD77E /* LaunchScreen.storyboard */,
				248866062052555100ABD77E /* Info.plist */,
				248866072052555100ABD77E /* main.m */,
				2488662A2052B6E000ABD77E /* BNRQuizViewController.h */,
				2488662B2052B6E000ABD77E /* BNRQuizViewController.m */,
				2488662C2052B6E000ABD77E /* BNRQuizViewController.xib */,
			);
			path = Quiz;
			sourceTree = "<group>";
		};
		248866102052555100ABD77E /* QuizTests */ = {
			isa = PBXGroup;
			children = (
				248866112052555100ABD77E /* QuizTests.m */,
				248866132052555100ABD77E /* Info.plist */,
			);
			path = QuizTests;
			sourceTree = "<group>";
		};
		2488661B2052555100ABD77E /* QuizUITests */ = {
			isa = PBXGroup;
			children = (
				2488661C2052555100ABD77E /* QuizUITests.m */,
				2488661E2052555100ABD77E /* Info.plist */,
			);
			path = QuizUITests;
			sourceTree = "<group>";
		};
/* End PBXGroup section */

/* Begin PBXNativeTarget section */
		248865F42052555100ABD77E /* Quiz */ = {
			isa = PBXNativeTarget;
			buildConfigurationList = 248866212052555100ABD77E /* Build configuration list for PBXNativeTarget "Quiz" */;
			buildPhases = (
				248865F12052555100ABD77E /* Sources */,
				248865F22052555100ABD77E /* Frameworks */,
				248865F32052555100ABD77E /* Resources */,
			);
			buildRules = (
			);
			dependencies = (
			);
			name = Quiz;
			productName = Quiz;
			productReference = 248865F52052555100ABD77E /* Quiz.app */;
			productType = "com.apple.product-type.application";
		};
		2488660C2052555100ABD77E /* QuizTests */ = {
			isa = PBXNativeTarget;
			buildConfigurationList = 248866242052555100ABD77E /* Build configuration list for PBXNativeTarget "QuizTests" */;
			buildPhases = (
				248866092052555100ABD77E /* Sources */,
				2488660A2052555100ABD77E /* Frameworks */,
				2488660B2052555100ABD77E /* Resources */,
			);
			buildRules = (
			);
			dependencies = (
				2488660F2052555100ABD77E /* PBXTargetDependency */,
			);
			name = QuizTests;
			productName = QuizTests;
			productReference = 2488660D2052555100ABD77E /* QuizTests.xctest */;
			productType = "com.apple.product-type.bundle.unit-test";
		};
		248866172052555100ABD77E /* QuizUITests */ = {
			isa = PBXNativeTarget;
			buildConfigurationList = 248866272052555100ABD77E /* Build configuration list for PBXNativeTarget "QuizUITests" */;
			buildPhases = (
				248866142052555100ABD77E /* Sources */,
				248866152052555100ABD77E /* Frameworks */,
				248866162052555100ABD77E /* Resources */,
			);
			buildRules = (
			);
			dependencies = (
				2488661A2052555100ABD77E /* PBXTargetDependency */,
			);
			name = QuizUITests;
			productName = QuizUITests;
			productReference = 248866182052555100ABD77E /* QuizUITests.xctest */;
			productType = "com.apple.product-type.bundle.ui-testing";
		};
/* End PBXNativeTarget section */

/* Begin PBXProject section */
		248865ED2052555100ABD77E /* Project object */ = {
			isa = PBXProject;
			attributes = {
				LastUpgradeCheck = 0920;
				ORGANIZATIONNAME = kagol;
				TargetAttributes = {
					248865F42052555100ABD77E = {
						CreatedOnToolsVersion = 9.2;
						ProvisioningStyle = Automatic;
					};
					2488660C2052555100ABD77E = {
						CreatedOnToolsVersion = 9.2;
						ProvisioningStyle = Automatic;
						TestTargetID = 248865F42052555100ABD77E;
					};
					248866172052555100ABD77E = {
						CreatedOnToolsVersion = 9.2;
						ProvisioningStyle = Automatic;
						TestTargetID = 248865F42052555100ABD77E;
					};
				};
			};
			buildConfigurationList = 248865F02052555100ABD77E /* Build configuration list for PBXProject "Quiz" */;
			compatibilityVersion = "Xcode 8.0";
			developmentRegion = en;
			hasScannedForEncodings = 0;
			knownRegions = (
				en,
				Base,
			);
			mainGroup = 248865EC2052555100ABD77E;
			productRefGroup = 248865F62052555100ABD77E /* Products */;
			projectDirPath = "";
			projectRoot = "";
			targets = (
				248865F42052555100ABD77E /* Quiz */,
				2488660C2052555100ABD77E /* QuizTests */,
				248866172052555100ABD77E /* QuizUITests */,
			);
		};
/* End PBXProject section */

/* Begin PBXResourcesBuildPhase section */
		248865F32052555100ABD77E /* Resources */ = {
			isa = PBXResourcesBuildPhase;
			buildActionMask = 2147483647;
			files = (
				2488662E2052B6E000ABD77E /* BNRQuizViewController.xib in Resources */,
				248866052052555100ABD77E /* LaunchScreen.storyboard in Resources */,
				248866022052555100ABD77E /* Assets.xcassets in Resources */,
				248866002052555100ABD77E /* Main.storyboard in Resources */,
			);
			runOnlyForDeploymentPostprocessing = 0;
		};
		2488660B2052555100ABD77E /* Resources */ = {
			isa = PBXResourcesBuildPhase;
			buildActionMask = 2147483647;
			files = (
			);
			runOnlyForDeploymentPostprocessing = 0;
		};
		248866162052555100ABD77E /* Resources */ = {
			isa = PBXResourcesBuildPhase;
			buildActionMask = 2147483647;
			files = (
			);
			runOnlyForDeploymentPostprocessing = 0;
		};
/* End PBXResourcesBuildPhase section */

/* Begin PBXSourcesBuildPhase section */
		248865F12052555100ABD77E /* Sources */ = {
			isa = PBXSourcesBuildPhase;
			buildActionMask = 2147483647;
			files = (
				2488662D2052B6E000ABD77E /* BNRQuizViewController.m in Sources */,
				248865FD2052555100ABD77E /* ViewController.m in Sources */,
				248866082052555100ABD77E /* main.m in Sources */,
				248865FA2052555100ABD77E /* AppDelegate.m in Sources */,
			);
			runOnlyForDeploymentPostprocessing = 0;
		};
		248866092052555100ABD77E /* Sources */ = {
			isa = PBXSourcesBuildPhase;
			buildActionMask = 2147483647;
			files = (
				248866122052555100ABD77E /* QuizTests.m in Sources */,
			);
			runOnlyForDeploymentPostprocessing = 0;
		};
		248866142052555100ABD77E /* Sources */ = {
			isa = PBXSourcesBuildPhase;
			buildActionMask = 2147483647;
			files = (
				2488661D2052555100ABD77E /* QuizUITests.m in Sources */,
			);
			runOnlyForDeploymentPostprocessing = 0;
		};
/* End PBXSourcesBuildPhase section */

/* Begin PBXTargetDependency section */
		2488660F2052555100ABD77E /* PBXTargetDependency */ = {
			isa = PBXTargetDependency;
			target = 248865F42052555100ABD77E /* Quiz */;
			targetProxy = 2488660E2052555100ABD77E /* PBXContainerItemProxy */;
		};
		2488661A2052555100ABD77E /* PBXTargetDependency */ = {
			isa = PBXTargetDependency;
			target = 248865F42052555100ABD77E /* Quiz */;
			targetProxy = 248866192052555100ABD77E /* PBXContainerItemProxy */;
		};
/* End PBXTargetDependency section */

/* Begin PBXVariantGroup section */
		248865FE2052555100ABD77E /* Main.storyboard */ = {
			isa = PBXVariantGroup;
			children = (
				248865FF2052555100ABD77E /* Base */,
			);
			name = Main.storyboard;
			sourceTree = "<group>";
		};
		248866032052555100ABD77E /* LaunchScreen.storyboard */ = {
			isa = PBXVariantGroup;
			children = (
				248866042052555100ABD77E /* Base */,
			);
			name = LaunchScreen.storyboard;
			sourceTree = "<group>";
		};
/* End PBXVariantGroup section */

/* Begin XCBuildConfiguration section */
		2488661F2052555100ABD77E /* Debug */ = {
			isa = XCBuildConfiguration;
			buildSettings = {
				ALWAYS_SEARCH_USER_PATHS = NO;
				CLANG_ANALYZER_NONNULL = YES;
				CLANG_ANALYZER_NUMBER_OBJECT_CONVERSION = YES_AGGRESSIVE;
				CLANG_CXX_LANGUAGE_STANDARD = "gnu++14";
				CLANG_CXX_LIBRARY = "libc++";
				CLANG_ENABLE_MODULES = YES;
				CLANG_ENABLE_OBJC_ARC = YES;
				CLANG_WARN_BLOCK_CAPTURE_AUTORELEASING = YES;
				CLANG_WARN_BOOL_CONVERSION = YES;
				CLANG_WARN_COMMA = YES;
				CLANG_WARN_CONSTANT_CONVERSION = YES;
				CLANG_WARN_DIRECT_OBJC_ISA_USAGE = YES_ERROR;
				CLANG_WARN_DOCUMENTATION_COMMENTS = YES;
				CLANG_WARN_EMPTY_BODY = YES;
				CLANG_WARN_ENUM_CONVERSION = YES;
				CLANG_WARN_INFINITE_RECURSION = YES;
				CLANG_WARN_INT_CONVERSION = YES;
				CLANG_WARN_NON_LITERAL_NULL_CONVERSION = YES;
				CLANG_WARN_OBJC_LITERAL_CONVERSION = YES;
				CLANG_WARN_OBJC_ROOT_CLASS = YES_ERROR;
				CLANG_WARN_RANGE_LOOP_ANALYSIS = YES;
				CLANG_WARN_STRICT_PROTOTYPES = YES;
				CLANG_WARN_SUSPICIOUS_MOVE = YES;
				CLANG_WARN_UNGUARDED_AVAILABILITY = YES_AGGRESSIVE;
				CLANG_WARN_UNREACHABLE_CODE = YES;
				CLANG_WARN__DUPLICATE_METHOD_MATCH = YES;
				CODE_SIGN_IDENTITY = "iPhone Developer";
				COPY_PHASE_STRIP = NO;
				DEBUG_INFORMATION_FORMAT = dwarf;
				ENABLE_STRICT_OBJC_MSGSEND = YES;
				ENABLE_TESTABILITY = YES;
				GCC_C_LANGUAGE_STANDARD = gnu11;
				GCC_DYNAMIC_NO_PIC = NO;
				GCC_NO_COMMON_BLOCKS = YES;
				GCC_OPTIMIZATION_LEVEL = 0;
				GCC_PREPROCESSOR_DEFINITIONS = (
					"DEBUG=1",
					"$(inherited)",
				);
				GCC_WARN_64_TO_32_BIT_CONVERSION = YES;
				GCC_WARN_ABOUT_RETURN_TYPE = YES_ERROR;
				GCC_WARN_UNDECLARED_SELECTOR = YES;
				GCC_WARN_UNINITIALIZED_AUTOS = YES_AGGRESSIVE;
				GCC_WARN_UNUSED_FUNCTION = YES;
				GCC_WARN_UNUSED_VARIABLE = YES;
				IPHONEOS_DEPLOYMENT_TARGET = 11.2;
				MTL_ENABLE_DEBUG_INFO = YES;
				ONLY_ACTIVE_ARCH = YES;
				SDKROOT = iphoneos;
			};
			name = Debug;
		};
		248866202052555100ABD77E /* Release */ = {
			isa = XCBuildConfiguration;
			buildSettings = {
				ALWAYS_SEARCH_USER_PATHS = NO;
				CLANG_ANALYZER_NONNULL = YES;
				CLANG_ANALYZER_NUMBER_OBJECT_CONVERSION = YES_AGGRESSIVE;
				CLANG_CXX_LANGUAGE_STANDARD = "gnu++14";
				CLANG_CXX_LIBRARY = "libc++";
				CLANG_ENABLE_MODULES = YES;
				CLANG_ENABLE_OBJC_ARC = YES;
				CLANG_WARN_BLOCK_CAPTURE_AUTORELEASING = YES;
				CLANG_WARN_BOOL_CONVERSION = YES;
				CLANG_WARN_COMMA = YES;
				CLANG_WARN_CONSTANT_CONVERSION = YES;
				CLANG_WARN_DIRECT_OBJC_ISA_USAGE = YES_ERROR;
				CLANG_WARN_DOCUMENTATION_COMMENTS = YES;
				CLANG_WARN_EMPTY_BODY = YES;
				CLANG_WARN_ENUM_CONVERSION = YES;
				CLANG_WARN_INFINITE_RECURSION = YES;
				CLANG_WARN_INT_CONVERSION = YES;
				CLANG_WARN_NON_LITERAL_NULL_CONVERSION = YES;
				CLANG_WARN_OBJC_LITERAL_CONVERSION = YES;
				CLANG_WARN_OBJC_ROOT_CLASS = YES_ERROR;
				CLANG_WARN_RANGE_LOOP_ANALYSIS = YES;
				CLANG_WARN_STRICT_PROTOTYPES = YES;
				CLANG_WARN_SUSPICIOUS_MOVE = YES;
				CLANG_WARN_UNGUARDED_AVAILABILITY = YES_AGGRESSIVE;
				CLANG_WARN_UNREACHABLE_CODE = YES;
				CLANG_WARN__DUPLICATE_METHOD_MATCH = YES;
				CODE_SIGN_IDENTITY = "iPhone Developer";
				COPY_PHASE_STRIP = NO;
				DEBUG_INFORMATION_FORMAT = "dwarf-with-dsym";
				ENABLE_NS_ASSERTIONS = NO;
				ENABLE_STRICT_OBJC_MSGSEND = YES;
				GCC_C_LANGUAGE_STANDARD = gnu11;
				GCC_NO_COMMON_BLOCKS = YES;
				GCC_WARN_64_TO_32_BIT_CONVERSION = YES;
				GCC_WARN_ABOUT_RETURN_TYPE = YES_ERROR;
				GCC_WARN_UNDECLARED_SELECTOR = YES;
				GCC_WARN_UNINITIALIZED_AUTOS = YES_AGGRESSIVE;
				GCC_WARN_UNUSED_FUNCTION = YES;
				GCC_WARN_UNUSED_VARIABLE = YES;
				IPHONEOS_DEPLOYMENT_TARGET = 11.2;
				MTL_ENABLE_DEBUG_INFO = NO;
				SDKROOT = iphoneos;
				VALIDATE_PRODUCT = YES;
			};
			name = Release;
		};
		248866222052555100ABD77E /* Debug */ = {
			isa = XCBuildConfiguration;
			buildSettings = {
				ASSETCATALOG_COMPILER_APPICON_NAME = AppIcon;
				CODE_SIGN_STYLE = Automatic;
				DEVELOPMENT_TEAM = 42X6BV4AWS;
				INFOPLIST_FILE = Quiz/Info.plist;
				LD_RUNPATH_SEARCH_PATHS = "$(inherited) @executable_path/Frameworks";
				PRODUCT_BUNDLE_IDENTIFIER = io.github.kagol.Quiz;
				PRODUCT_NAME = "$(TARGET_NAME)";
				TARGETED_DEVICE_FAMILY = 1;
			};
			name = Debug;
		};
		248866232052555100ABD77E /* Release */ = {
			isa = XCBuildConfiguration;
			buildSettings = {
				ASSETCATALOG_COMPILER_APPICON_NAME = AppIcon;
				CODE_SIGN_STYLE = Automatic;
				DEVELOPMENT_TEAM = 42X6BV4AWS;
				INFOPLIST_FILE = Quiz/Info.plist;
				LD_RUNPATH_SEARCH_PATHS = "$(inherited) @executable_path/Frameworks";
				PRODUCT_BUNDLE_IDENTIFIER = io.github.kagol.Quiz;
				PRODUCT_NAME = "$(TARGET_NAME)";
				TARGETED_DEVICE_FAMILY = 1;
			};
			name = Release;
		};
		248866252052555100ABD77E /* Debug */ = {
			isa = XCBuildConfiguration;
			buildSettings = {
				BUNDLE_LOADER = "$(TEST_HOST)";
				CODE_SIGN_STYLE = Automatic;
				INFOPLIST_FILE = QuizTests/Info.plist;
				LD_RUNPATH_SEARCH_PATHS = "$(inherited) @executable_path/Frameworks @loader_path/Frameworks";
				PRODUCT_BUNDLE_IDENTIFIER = io.github.kagol.QuizTests;
				PRODUCT_NAME = "$(TARGET_NAME)";
				TARGETED_DEVICE_FAMILY = "1,2";
				TEST_HOST = "$(BUILT_PRODUCTS_DIR)/Quiz.app/Quiz";
			};
			name = Debug;
		};
		248866262052555100ABD77E /* Release */ = {
			isa = XCBuildConfiguration;
			buildSettings = {
				BUNDLE_LOADER = "$(TEST_HOST)";
				CODE_SIGN_STYLE = Automatic;
				INFOPLIST_FILE = QuizTests/Info.plist;
				LD_RUNPATH_SEARCH_PATHS = "$(inherited) @executable_path/Frameworks @loader_path/Frameworks";
				PRODUCT_BUNDLE_IDENTIFIER = io.github.kagol.QuizTests;
				PRODUCT_NAME = "$(TARGET_NAME)";
				TARGETED_DEVICE_FAMILY = "1,2";
				TEST_HOST = "$(BUILT_PRODUCTS_DIR)/Quiz.app/Quiz";
			};
			name = Release;
		};
		248866282052555100ABD77E /* Debug */ = {
			isa = XCBuildConfiguration;
			buildSettings = {
				CODE_SIGN_STYLE = Automatic;
				INFOPLIST_FILE = QuizUITests/Info.plist;
				LD_RUNPATH_SEARCH_PATHS = "$(inherited) @executable_path/Frameworks @loader_path/Frameworks";
				PRODUCT_BUNDLE_IDENTIFIER = io.github.kagol.QuizUITests;
				PRODUCT_NAME = "$(TARGET_NAME)";
				TARGETED_DEVICE_FAMILY = "1,2";
				TEST_TARGET_NAME = Quiz;
			};
			name = Debug;
		};
		248866292052555100ABD77E /* Release */ = {
			isa = XCBuildConfiguration;
			buildSettings = {
				CODE_SIGN_STYLE = Automatic;
				INFOPLIST_FILE = QuizUITests/Info.plist;
				LD_RUNPATH_SEARCH_PATHS = "$(inherited) @executable_path/Frameworks @loader_path/Frameworks";
				PRODUCT_BUNDLE_IDENTIFIER = io.github.kagol.QuizUITests;
				PRODUCT_NAME = "$(TARGET_NAME)";
				TARGETED_DEVICE_FAMILY = "1,2";
				TEST_TARGET_NAME = Quiz;
			};
			name = Release;
		};
/* End XCBuildConfiguration section */

/* Begin XCConfigurationList section */
		248865F02052555100ABD77E /* Build configuration list for PBXProject "Quiz" */ = {
			isa = XCConfigurationList;
			buildConfigurations = (
				2488661F2052555100ABD77E /* Debug */,
				248866202052555100ABD77E /* Release */,
			);
			defaultConfigurationIsVisible = 0;
			defaultConfigurationName = Release;
		};
		248866212052555100ABD77E /* Build configuration list for PBXNativeTarget "Quiz" */ = {
			isa = XCConfigurationList;
			buildConfigurations = (
				248866222052555100ABD77E /* Debug */,
				248866232052555100ABD77E /* Release */,
			);
			defaultConfigurationIsVisible = 0;
			defaultConfigurationName = Release;
		};
		248866242052555100ABD77E /* Build configuration list for PBXNativeTarget "QuizTests" */ = {
			isa = XCConfigurationList;
			buildConfigurations = (
				248866252052555100ABD77E /* Debug */,
				248866262052555100ABD77E /* Release */,
			);
			defaultConfigurationIsVisible = 0;
			defaultConfigurationName = Release;
		};
		248866272052555100ABD77E /* Build configuration list for PBXNativeTarget "QuizUITests" */ = {
			isa = XCConfigurationList;
			buildConfigurations = (
				248866282052555100ABD77E /* Debug */,
				248866292052555100ABD77E /* Release */,
			);
			defaultConfigurationIsVisible = 0;
			defaultConfigurationName = Release;
		};
/* End XCConfigurationList section */
	};
	rootObject = 248865ED2052555100ABD77E /* Project object */;
}
